<?xml version="1.0" encoding="UTF-8"?>
<Scheme
   LastUpgradeVersion = "1010"
   version = "1.3">
   <BuildAction
      parallelizeBuildables = "YES"
      buildImplicitDependencies = "YES">
      <BuildActionEntries>
         <BuildActionEntry
            buildForTesting = "YES"
            buildForRunning = "YES"
            buildForProfiling = "YES"
            buildForArchiving = "YES"
            buildForAnalyzing = "YES">
            <BuildableReference
               BuildableIdentifier = "primary"
               BlueprintIdentifier = "D3E314B387FD8B34A15E37AD"
               BuildableName = "libBaseFeature.a"
               BlueprintName = "BaseFeature"
               ReferencedContainer = "container:Projects/Feature/BaseFeature/BaseFeature.xcodeproj">
            </BuildableReference>
         </BuildActionEntry>
         <BuildActionEntry
            buildForTesting = "YES"
            buildForRunning = "YES"
            buildForProfiling = "YES"
            buildForArchiving = "YES"
            buildForAnalyzing = "YES">
            <BuildableReference
               BuildableIdentifier = "primary"
               BlueprintIdentifier = "0FEFEAAB06885A67C6A5580A"
               BuildableName = "BaseFeatureTests.xctest"
               BlueprintName = "BaseFeatureTests"
               ReferencedContainer = "container:Projects/Feature/BaseFeature/BaseFeature.xcodeproj">
            </BuildableReference>
         </BuildActionEntry>
         <BuildActionEntry
            buildForTesting = "YES"
            buildForRunning = "YES"
            buildForProfiling = "YES"
            buildForArchiving = "YES"
            buildForAnalyzing = "YES">
            <BuildableReference
               BuildableIdentifier = "primary"
               BlueprintIdentifier = "83C9B5D1938C22907FF6E247"
               BuildableName = "DesignSystem.framework"
               BlueprintName = "DesignSystem"
               ReferencedContainer = "container:Projects/Core/DesignSystem/DesignSystem.xcodeproj">
            </BuildableReference>
         </BuildActionEntry>
         <BuildActionEntry
            buildForTesting = "YES"
            buildForRunning = "YES"
            buildForProfiling = "YES"
            buildForArchiving = "YES"
            buildForAnalyzing = "YES">
            <BuildableReference
               BuildableIdentifier = "primary"
               BlueprintIdentifier = "9F69C27BE85E3028D236EFFD"
               BuildableName = "DesignSystemDemoApp.app"
               BlueprintName = "DesignSystemDemoApp"
               ReferencedContainer = "container:Projects/Core/DesignSystem/DesignSystem.xcodeproj">
            </BuildableReference>
         </BuildActionEntry>
         <BuildActionEntry
            buildForTesting = "YES"
            buildForRunning = "YES"
            buildForProfiling = "YES"
            buildForArchiving = "YES"
            buildForAnalyzing = "YES">
            <BuildableReference
               BuildableIdentifier = "primary"
               BlueprintIdentifier = "587C7D87144FBBDF8049FED5"
               BuildableName = "ErrorModule.framework"
               BlueprintName = "ErrorModule"
               ReferencedContainer = "container:Projects/Shared/ErrorModule/ErrorModule.xcodeproj">
            </BuildableReference>
         </BuildActionEntry>
         <BuildActionEntry
            buildForTesting = "YES"
            buildForRunning = "YES"
            buildForProfiling = "YES"
            buildForArchiving = "YES"
            buildForAnalyzing = "YES">
            <BuildableReference
               BuildableIdentifier = "primary"
               BlueprintIdentifier = "E7219A64E70DCA7A233E1E7E"
               BuildableName = "GlobalThirdPartyLibrary.framework"
               BlueprintName = "GlobalThirdPartyLibrary"
               ReferencedContainer = "container:Projects/Shared/GlobalThirdPartyLibrary/GlobalThirdPartyLibrary.xcodeproj">
            </BuildableReference>
         </BuildActionEntry>
         <BuildActionEntry
            buildForTesting = "YES"
            buildForRunning = "YES"
            buildForProfiling = "YES"
            buildForArchiving = "YES"
            buildForAnalyzing = "YES">
            <BuildableReference
               BuildableIdentifier = "primary"
               BlueprintIdentifier = "137D31D99A6E317E7D741D3E"
               BuildableName = "JOBIS_DSM_iOS.app"
               BlueprintName = "JOBIS-DSM-iOS"
               ReferencedContainer = "container:Projects/App/JOBIS-DSM-iOS.xcodeproj">
            </BuildableReference>
         </BuildActionEntry>
         <BuildActionEntry
            buildForTesting = "YES"
            buildForRunning = "YES"
            buildForProfiling = "YES"
            buildForArchiving = "YES"
            buildForAnalyzing = "YES">
            <BuildableReference
               BuildableIdentifier = "primary"
               BlueprintIdentifier = "9F88FAC8F2190CDF2A0E4DAC"
               BuildableName = "libMainTabFeature.a"
               BlueprintName = "MainTabFeature"
               ReferencedContainer = "container:Projects/Feature/MainTabFeature/MainTabFeature.xcodeproj">
            </BuildableReference>
         </BuildActionEntry>
         <BuildActionEntry
            buildForTesting = "YES"
            buildForRunning = "YES"
            buildForProfiling = "YES"
            buildForArchiving = "YES"
            buildForAnalyzing = "YES">
            <BuildableReference
               BuildableIdentifier = "primary"
               BlueprintIdentifier = "C1D63E7FEA5A6000D0C19961"
               BuildableName = "MainTabFeatureTests.xctest"
               BlueprintName = "MainTabFeatureTests"
               ReferencedContainer = "container:Projects/Feature/MainTabFeature/MainTabFeature.xcodeproj">
            </BuildableReference>
         </BuildActionEntry>
         <BuildActionEntry
            buildForTesting = "YES"
            buildForRunning = "YES"
            buildForProfiling = "YES"
            buildForArchiving = "YES"
            buildForAnalyzing = "YES">
            <BuildableReference
               BuildableIdentifier = "primary"
               BlueprintIdentifier = "0EBDBDC43A21880F12EBCE9E"
               BuildableName = "libRootFeature.a"
               BlueprintName = "RootFeature"
               ReferencedContainer = "container:Projects/Feature/RootFeature/RootFeature.xcodeproj">
            </BuildableReference>
         </BuildActionEntry>
         <BuildActionEntry
            buildForTesting = "YES"
            buildForRunning = "YES"
            buildForProfiling = "YES"
            buildForArchiving = "YES"
            buildForAnalyzing = "YES">
            <BuildableReference
               BuildableIdentifier = "primary"
               BlueprintIdentifier = "A3CF7C1E2BF14E793472B5CC"
               BuildableName = "RootFeatureTests.xctest"
               BlueprintName = "RootFeatureTests"
               ReferencedContainer = "container:Projects/Feature/RootFeature/RootFeature.xcodeproj">
            </BuildableReference>
         </BuildActionEntry>
         <BuildActionEntry
            buildForTesting = "YES"
            buildForRunning = "YES"
            buildForProfiling = "YES"
            buildForArchiving = "YES"
            buildForAnalyzing = "YES">
            <BuildableReference
               BuildableIdentifier = "primary"
               BlueprintIdentifier = "DA38CA6F5F8CBA6D764F94BF"
               BuildableName = "libSplashFeature.a"
               BlueprintName = "SplashFeature"
               ReferencedContainer = "container:Projects/Feature/SplashFeature/SplashFeature.xcodeproj">
            </BuildableReference>
         </BuildActionEntry>
         <BuildActionEntry
            buildForTesting = "YES"
            buildForRunning = "YES"
            buildForProfiling = "YES"
            buildForArchiving = "YES"
            buildForAnalyzing = "YES">
            <BuildableReference
               BuildableIdentifier = "primary"
               BlueprintIdentifier = "DF7BF6B7EC5E7E023DBF039F"
               BuildableName = "SplashFeatureTests.xctest"
               BlueprintName = "SplashFeatureTests"
               ReferencedContainer = "container:Projects/Feature/SplashFeature/SplashFeature.xcodeproj">
            </BuildableReference>
         </BuildActionEntry>
         <BuildActionEntry
            buildForTesting = "YES"
            buildForRunning = "YES"
            buildForProfiling = "YES"
            buildForArchiving = "YES"
            buildForAnalyzing = "YES">
            <BuildableReference
               BuildableIdentifier = "primary"
               BlueprintIdentifier = "F3D897169E0D3FA7D46393B9"
               BuildableName = "UtilityModule.framework"
               BlueprintName = "UtilityModule"
               ReferencedContainer = "container:Projects/Shared/UtilityModule/UtilityModule.xcodeproj">
            </BuildableReference>
         </BuildActionEntry>
         <BuildActionEntry
            buildForTesting = "YES"
            buildForRunning = "YES"
            buildForProfiling = "YES"
            buildForArchiving = "YES"
            buildForAnalyzing = "YES">
            <BuildableReference
               BuildableIdentifier = "primary"
               BlueprintIdentifier = "CC3454CECFB302116426799E"
               BuildableName = "UtilityModuleTests.xctest"
               BlueprintName = "UtilityModuleTests"
               ReferencedContainer = "container:Projects/Shared/UtilityModule/UtilityModule.xcodeproj">
            </BuildableReference>
         </BuildActionEntry>
      </BuildActionEntries>
   </BuildAction>
   <TestAction
      buildConfiguration = "DEV"
      selectedDebuggerIdentifier = "Xcode.DebuggerFoundation.Debugger.LLDB"
      selectedLauncherIdentifier = "Xcode.DebuggerFoundation.Launcher.LLDB"
      shouldUseLaunchSchemeArgsEnv = "YES">
      <Testables>
         <TestableReference
            skipped = "NO">
            <BuildableReference
               BuildableIdentifier = "primary"
               BlueprintIdentifier = "0FEFEAAB06885A67C6A5580A"
               BuildableName = "BaseFeatureTests.xctest"
               BlueprintName = "BaseFeatureTests"
               ReferencedContainer = "container:Projects/Feature/BaseFeature/BaseFeature.xcodeproj">
            </BuildableReference>
         </TestableReference>
         <TestableReference
            skipped = "NO">
            <BuildableReference
               BuildableIdentifier = "primary"
               BlueprintIdentifier = "C1D63E7FEA5A6000D0C19961"
               BuildableName = "MainTabFeatureTests.xctest"
               BlueprintName = "MainTabFeatureTests"
               ReferencedContainer = "container:Projects/Feature/MainTabFeature/MainTabFeature.xcodeproj">
            </BuildableReference>
         </TestableReference>
         <TestableReference
            skipped = "NO">
            <BuildableReference
               BuildableIdentifier = "primary"
               BlueprintIdentifier = "A3CF7C1E2BF14E793472B5CC"
               BuildableName = "RootFeatureTests.xctest"
               BlueprintName = "RootFeatureTests"
               ReferencedContainer = "container:Projects/Feature/RootFeature/RootFeature.xcodeproj">
            </BuildableReference>
         </TestableReference>
         <TestableReference
            skipped = "NO">
            <BuildableReference
               BuildableIdentifier = "primary"
               BlueprintIdentifier = "DF7BF6B7EC5E7E023DBF039F"
               BuildableName = "SplashFeatureTests.xctest"
               BlueprintName = "SplashFeatureTests"
               ReferencedContainer = "container:Projects/Feature/SplashFeature/SplashFeature.xcodeproj">
            </BuildableReference>
         </TestableReference>
         <TestableReference
            skipped = "NO">
            <BuildableReference
               BuildableIdentifier = "primary"
               BlueprintIdentifier = "CC3454CECFB302116426799E"
               BuildableName = "UtilityModuleTests.xctest"
               BlueprintName = "UtilityModuleTests"
               ReferencedContainer = "container:Projects/Shared/UtilityModule/UtilityModule.xcodeproj">
            </BuildableReference>
         </TestableReference>
      </Testables>
   </TestAction>
   <LaunchAction
      buildConfiguration = "DEV"
      selectedDebuggerIdentifier = "Xcode.DebuggerFoundation.Debugger.LLDB"
      selectedLauncherIdentifier = "Xcode.DebuggerFoundation.Launcher.LLDB"
      launchStyle = "0"
      useCustomWorkingDirectory = "NO"
      ignoresPersistentStateOnLaunch = "NO"
      debugDocumentVersioning = "YES"
      debugServiceExtension = "internal"
      allowLocationSimulation = "YES">
      <MacroExpansion>
         <BuildableReference
            BuildableIdentifier = "primary"
            BlueprintIdentifier = "D3E314B387FD8B34A15E37AD"
            BuildableName = "libBaseFeature.a"
            BlueprintName = "BaseFeature"
            ReferencedContainer = "container:Projects/Feature/BaseFeature/BaseFeature.xcodeproj">
         </BuildableReference>
      </MacroExpansion>
   </LaunchAction>
   <ProfileAction
      buildConfiguration = "PROD"
      shouldUseLaunchSchemeArgsEnv = "YES"
      savedToolIdentifier = ""
      useCustomWorkingDirectory = "NO"
      debugDocumentVersioning = "YES">
      <MacroExpansion>
         <BuildableReference
            BuildableIdentifier = "primary"
            BlueprintIdentifier = "D3E314B387FD8B34A15E37AD"
            BuildableName = "libBaseFeature.a"
            BlueprintName = "BaseFeature"
            ReferencedContainer = "container:Projects/Feature/BaseFeature/BaseFeature.xcodeproj">
         </BuildableReference>
      </MacroExpansion>
   </ProfileAction>
   <AnalyzeAction
      buildConfiguration = "DEV">
   </AnalyzeAction>
   <ArchiveAction
      buildConfiguration = "PROD"
      revealArchiveInOrganizer = "YES">
   </ArchiveAction>
</Scheme>
