// !$*UTF8*$!
{
	archiveVersion = 1;
	classes = {
	};
	objectVersion = 56;
	objects = {

/* Begin PBXBuildFile section */
		90596462297698B100299611 /* Color.swift in Sources */ = {isa = PBXBuildFile; fileRef = 90596461297698B100299611 /* Color.swift */; };
		90596464297698B600299611 /* Image.swift in Sources */ = {isa = PBXBuildFile; fileRef = 90596463297698B600299611 /* Image.swift */; };
		9059646729769A0800299611 /* OnboardingView.swift in Sources */ = {isa = PBXBuildFile; fileRef = 9059646629769A0800299611 /* OnboardingView.swift */; };
		9059646A29769A6100299611 /* LaunchScreenView.swift in Sources */ = {isa = PBXBuildFile; fileRef = 9059646929769A6100299611 /* LaunchScreenView.swift */; };
		9059646E29769D6C00299611 /* NavigationBackButton.swift in Sources */ = {isa = PBXBuildFile; fileRef = 9059646D29769D6C00299611 /* NavigationBackButton.swift */; };
		90AFDAC02976941F00BD7491 /* JOBIS_DSM_iOSApp.swift in Sources */ = {isa = PBXBuildFile; fileRef = 90AFDABF2976941F00BD7491 /* JOBIS_DSM_iOSApp.swift */; };
		90AFDAC42976942000BD7491 /* Assets.xcassets in Resources */ = {isa = PBXBuildFile; fileRef = 90AFDAC32976942000BD7491 /* Assets.xcassets */; };
/* End PBXBuildFile section */

/* Begin PBXFileReference section */
		90596461297698B100299611 /* Color.swift */ = {isa = PBXFileReference; lastKnownFileType = sourcecode.swift; path = Color.swift; sourceTree = "<group>"; };
		90596463297698B600299611 /* Image.swift */ = {isa = PBXFileReference; lastKnownFileType = sourcecode.swift; path = Image.swift; sourceTree = "<group>"; };
		9059646629769A0800299611 /* OnboardingView.swift */ = {isa = PBXFileReference; lastKnownFileType = sourcecode.swift; path = OnboardingView.swift; sourceTree = "<group>"; };
		9059646929769A6100299611 /* LaunchScreenView.swift */ = {isa = PBXFileReference; lastKnownFileType = sourcecode.swift; path = LaunchScreenView.swift; sourceTree = "<group>"; };
		9059646D29769D6C00299611 /* NavigationBackButton.swift */ = {isa = PBXFileReference; lastKnownFileType = sourcecode.swift; path = NavigationBackButton.swift; sourceTree = "<group>"; };
		90AFDABC2976941F00BD7491 /* JOBIS-DSM-iOS.app */ = {isa = PBXFileReference; explicitFileType = wrapper.application; includeInIndex = 0; path = "JOBIS-DSM-iOS.app"; sourceTree = BUILT_PRODUCTS_DIR; };
		90AFDABF2976941F00BD7491 /* JOBIS_DSM_iOSApp.swift */ = {isa = PBXFileReference; lastKnownFileType = sourcecode.swift; path = JOBIS_DSM_iOSApp.swift; sourceTree = "<group>"; };
		90AFDAC32976942000BD7491 /* Assets.xcassets */ = {isa = PBXFileReference; lastKnownFileType = folder.assetcatalog; path = Assets.xcassets; sourceTree = "<group>"; };
/* End PBXFileReference section */

/* Begin PBXFrameworksBuildPhase section */
		90AFDAB92976941F00BD7491 /* Frameworks */ = {
			isa = PBXFrameworksBuildPhase;
			buildActionMask = 2147483647;
			files = (
			);
			runOnlyForDeploymentPostprocessing = 0;
		};
/* End PBXFrameworksBuildPhase section */

/* Begin PBXGroup section */
		9059645C2976973600299611 /* Resources */ = {
			isa = PBXGroup;
			children = (
				90AFDAC32976942000BD7491 /* Assets.xcassets */,
			);
			path = Resources;
			sourceTree = "<group>";
		};
		9059645D2976974900299611 /* Sources */ = {
			isa = PBXGroup;
			children = (
				9059645E297697A500299611 /* Application */,
				9059646B29769D4A00299611 /* Modifier */,
				905964602976989600299611 /* ResoucesCode */,
				9059645F2976986F00299611 /* Scene */,
			);
			path = Sources;
			sourceTree = "<group>";
		};
		9059645E297697A500299611 /* Application */ = {
			isa = PBXGroup;
			children = (
				90AFDABF2976941F00BD7491 /* JOBIS_DSM_iOSApp.swift */,
			);
			path = Application;
			sourceTree = "<group>";
		};
		9059645F2976986F00299611 /* Scene */ = {
			isa = PBXGroup;
			children = (
				9059646829769A5B00299611 /* LaunchScreen */,
				90596465297699F600299611 /* Onboarding */,
			);
			path = Scene;
			sourceTree = "<group>";
		};
		905964602976989600299611 /* ResoucesCode */ = {
			isa = PBXGroup;
			children = (
				90596461297698B100299611 /* Color.swift */,
				90596463297698B600299611 /* Image.swift */,
			);
			path = ResoucesCode;
			sourceTree = "<group>";
		};
		90596465297699F600299611 /* Onboarding */ = {
			isa = PBXGroup;
			children = (
				9059646629769A0800299611 /* OnboardingView.swift */,
			);
			path = Onboarding;
			sourceTree = "<group>";
		};
		9059646829769A5B00299611 /* LaunchScreen */ = {
			isa = PBXGroup;
			children = (
				9059646929769A6100299611 /* LaunchScreenView.swift */,
			);
			path = LaunchScreen;
			sourceTree = "<group>";
		};
		9059646B29769D4A00299611 /* Modifier */ = {
			isa = PBXGroup;
			children = (
				9059646C29769D6300299611 /* Navigation */,
			);
			path = Modifier;
			sourceTree = "<group>";
		};
		9059646C29769D6300299611 /* Navigation */ = {
			isa = PBXGroup;
			children = (
				9059646D29769D6C00299611 /* NavigationBackButton.swift */,
			);
			path = Navigation;
			sourceTree = "<group>";
		};
		90AFDAB32976941F00BD7491 = {
			isa = PBXGroup;
			children = (
				90AFDABE2976941F00BD7491 /* Project */,
				90AFDABD2976941F00BD7491 /* Products */,
			);
			sourceTree = "<group>";
		};
		90AFDABD2976941F00BD7491 /* Products */ = {
			isa = PBXGroup;
			children = (
				90AFDABC2976941F00BD7491 /* JOBIS-DSM-iOS.app */,
			);
			name = Products;
			sourceTree = "<group>";
		};
		90AFDABE2976941F00BD7491 /* Project */ = {
			isa = PBXGroup;
			children = (
				9059645C2976973600299611 /* Resources */,
				9059645D2976974900299611 /* Sources */,
			);
			path = Project;
			sourceTree = "<group>";
		};
/* End PBXGroup section */

/* Begin PBXNativeTarget section */
		90AFDABB2976941F00BD7491 /* JOBIS-DSM-iOS */ = {
			isa = PBXNativeTarget;
			buildConfigurationList = 90AFDACA2976942000BD7491 /* Build configuration list for PBXNativeTarget "JOBIS-DSM-iOS" */;
			buildPhases = (
				90AFDAB82976941F00BD7491 /* Sources */,
				90AFDAB92976941F00BD7491 /* Frameworks */,
				90AFDABA2976941F00BD7491 /* Resources */,
			);
			buildRules = (
			);
			dependencies = (
			);
			name = "JOBIS-DSM-iOS";
			productName = "JOBIS-DSM-iOS";
			productReference = 90AFDABC2976941F00BD7491 /* JOBIS-DSM-iOS.app */;
			productType = "com.apple.product-type.application";
		};
/* End PBXNativeTarget section */

/* Begin PBXProject section */
		90AFDAB42976941F00BD7491 /* Project object */ = {
			isa = PBXProject;
			attributes = {
				BuildIndependentTargetsInParallel = 1;
				LastSwiftUpdateCheck = 1420;
				LastUpgradeCheck = 1420;
				TargetAttributes = {
					90AFDABB2976941F00BD7491 = {
						CreatedOnToolsVersion = 14.2;
					};
				};
			};
			buildConfigurationList = 90AFDAB72976941F00BD7491 /* Build configuration list for PBXProject "JOBIS-DSM-iOS" */;
			compatibilityVersion = "Xcode 14.0";
			developmentRegion = en;
			hasScannedForEncodings = 0;
			knownRegions = (
				en,
				Base,
			);
			mainGroup = 90AFDAB32976941F00BD7491;
			productRefGroup = 90AFDABD2976941F00BD7491 /* Products */;
			projectDirPath = "";
			projectRoot = "";
			targets = (
				90AFDABB2976941F00BD7491 /* JOBIS-DSM-iOS */,
			);
		};
/* End PBXProject section */

/* Begin PBXResourcesBuildPhase section */
		90AFDABA2976941F00BD7491 /* Resources */ = {
			isa = PBXResourcesBuildPhase;
			buildActionMask = 2147483647;
			files = (
				90AFDAC42976942000BD7491 /* Assets.xcassets in Resources */,
			);
			runOnlyForDeploymentPostprocessing = 0;
		};
/* End PBXResourcesBuildPhase section */

/* Begin PBXSourcesBuildPhase section */
		90AFDAB82976941F00BD7491 /* Sources */ = {
			isa = PBXSourcesBuildPhase;
			buildActionMask = 2147483647;
			files = (
				90596464297698B600299611 /* Image.swift in Sources */,
				90AFDAC02976941F00BD7491 /* JOBIS_DSM_iOSApp.swift in Sources */,
				9059646729769A0800299611 /* OnboardingView.swift in Sources */,
				90596462297698B100299611 /* Color.swift in Sources */,
				9059646E29769D6C00299611 /* NavigationBackButton.swift in Sources */,
				9059646A29769A6100299611 /* LaunchScreenView.swift in Sources */,
			);
			runOnlyForDeploymentPostprocessing = 0;
		};
/* End PBXSourcesBuildPhase section */

/* Begin XCBuildConfiguration section */
		90AFDAC82976942000BD7491 /* Debug */ = {
			isa = XCBuildConfiguration;
			buildSettings = {
				ALWAYS_SEARCH_USER_PATHS = NO;
				CLANG_ANALYZER_NONNULL = YES;
				CLANG_ANALYZER_NUMBER_OBJECT_CONVERSION = YES_AGGRESSIVE;
				CLANG_CXX_LANGUAGE_STANDARD = "gnu++20";
				CLANG_ENABLE_MODULES = YES;
				CLANG_ENABLE_OBJC_ARC = YES;
				CLANG_ENABLE_OBJC_WEAK = YES;
				CLANG_WARN_BLOCK_CAPTURE_AUTORELEASING = YES;
				CLANG_WARN_BOOL_CONVERSION = YES;
				CLANG_WARN_COMMA = YES;
				CLANG_WARN_CONSTANT_CONVERSION = YES;
				CLANG_WARN_DEPRECATED_OBJC_IMPLEMENTATIONS = YES;
				CLANG_WARN_DIRECT_OBJC_ISA_USAGE = YES_ERROR;
				CLANG_WARN_DOCUMENTATION_COMMENTS = YES;
				CLANG_WARN_EMPTY_BODY = YES;
				CLANG_WARN_ENUM_CONVERSION = YES;
				CLANG_WARN_INFINITE_RECURSION = YES;
				CLANG_WARN_INT_CONVERSION = YES;
				CLANG_WARN_NON_LITERAL_NULL_CONVERSION = YES;
				CLANG_WARN_OBJC_IMPLICIT_RETAIN_SELF = YES;
				CLANG_WARN_OBJC_LITERAL_CONVERSION = YES;
				CLANG_WARN_OBJC_ROOT_CLASS = YES_ERROR;
				CLANG_WARN_QUOTED_INCLUDE_IN_FRAMEWORK_HEADER = YES;
				CLANG_WARN_RANGE_LOOP_ANALYSIS = YES;
				CLANG_WARN_STRICT_PROTOTYPES = YES;
				CLANG_WARN_SUSPICIOUS_MOVE = YES;
				CLANG_WARN_UNGUARDED_AVAILABILITY = YES_AGGRESSIVE;
				CLANG_WARN_UNREACHABLE_CODE = YES;
				CLANG_WARN__DUPLICATE_METHOD_MATCH = YES;
				COPY_PHASE_STRIP = NO;
				DEBUG_INFORMATION_FORMAT = dwarf;
				ENABLE_STRICT_OBJC_MSGSEND = YES;
				ENABLE_TESTABILITY = YES;
				GCC_C_LANGUAGE_STANDARD = gnu11;
				GCC_DYNAMIC_NO_PIC = NO;
				GCC_NO_COMMON_BLOCKS = YES;
				GCC_OPTIMIZATION_LEVEL = 0;
				GCC_PREPROCESSOR_DEFINITIONS = (
					"DEBUG=1",
					"$(inherited)",
				);
				GCC_WARN_64_TO_32_BIT_CONVERSION = YES;
				GCC_WARN_ABOUT_RETURN_TYPE = YES_ERROR;
				GCC_WARN_UNDECLARED_SELECTOR = YES;
				GCC_WARN_UNINITIALIZED_AUTOS = YES_AGGRESSIVE;
				GCC_WARN_UNUSED_FUNCTION = YES;
				GCC_WARN_UNUSED_VARIABLE = YES;
				IPHONEOS_DEPLOYMENT_TARGET = 16.2;
				MTL_ENABLE_DEBUG_INFO = INCLUDE_SOURCE;
				MTL_FAST_MATH = YES;
				ONLY_ACTIVE_ARCH = YES;
				SDKROOT = iphoneos;
				SWIFT_ACTIVE_COMPILATION_CONDITIONS = DEBUG;
				SWIFT_OPTIMIZATION_LEVEL = "-Onone";
			};
			name = Debug;
		};
		90AFDAC92976942000BD7491 /* Release */ = {
			isa = XCBuildConfiguration;
			buildSettings = {
				ALWAYS_SEARCH_USER_PATHS = NO;
				CLANG_ANALYZER_NONNULL = YES;
				CLANG_ANALYZER_NUMBER_OBJECT_CONVERSION = YES_AGGRESSIVE;
				CLANG_CXX_LANGUAGE_STANDARD = "gnu++20";
				CLANG_ENABLE_MODULES = YES;
				CLANG_ENABLE_OBJC_ARC = YES;
				CLANG_ENABLE_OBJC_WEAK = YES;
				CLANG_WARN_BLOCK_CAPTURE_AUTORELEASING = YES;
				CLANG_WARN_BOOL_CONVERSION = YES;
				CLANG_WARN_COMMA = YES;
				CLANG_WARN_CONSTANT_CONVERSION = YES;
				CLANG_WARN_DEPRECATED_OBJC_IMPLEMENTATIONS = YES;
				CLANG_WARN_DIRECT_OBJC_ISA_USAGE = YES_ERROR;
				CLANG_WARN_DOCUMENTATION_COMMENTS = YES;
				CLANG_WARN_EMPTY_BODY = YES;
				CLANG_WARN_ENUM_CONVERSION = YES;
				CLANG_WARN_INFINITE_RECURSION = YES;
				CLANG_WARN_INT_CONVERSION = YES;
				CLANG_WARN_NON_LITERAL_NULL_CONVERSION = YES;
				CLANG_WARN_OBJC_IMPLICIT_RETAIN_SELF = YES;
				CLANG_WARN_OBJC_LITERAL_CONVERSION = YES;
				CLANG_WARN_OBJC_ROOT_CLASS = YES_ERROR;
				CLANG_WARN_QUOTED_INCLUDE_IN_FRAMEWORK_HEADER = YES;
				CLANG_WARN_RANGE_LOOP_ANALYSIS = YES;
				CLANG_WARN_STRICT_PROTOTYPES = YES;
				CLANG_WARN_SUSPICIOUS_MOVE = YES;
				CLANG_WARN_UNGUARDED_AVAILABILITY = YES_AGGRESSIVE;
				CLANG_WARN_UNREACHABLE_CODE = YES;
				CLANG_WARN__DUPLICATE_METHOD_MATCH = YES;
				COPY_PHASE_STRIP = NO;
				DEBUG_INFORMATION_FORMAT = "dwarf-with-dsym";
				ENABLE_NS_ASSERTIONS = NO;
				ENABLE_STRICT_OBJC_MSGSEND = YES;
				GCC_C_LANGUAGE_STANDARD = gnu11;
				GCC_NO_COMMON_BLOCKS = YES;
				GCC_WARN_64_TO_32_BIT_CONVERSION = YES;
				GCC_WARN_ABOUT_RETURN_TYPE = YES_ERROR;
				GCC_WARN_UNDECLARED_SELECTOR = YES;
				GCC_WARN_UNINITIALIZED_AUTOS = YES_AGGRESSIVE;
				GCC_WARN_UNUSED_FUNCTION = YES;
				GCC_WARN_UNUSED_VARIABLE = YES;
				IPHONEOS_DEPLOYMENT_TARGET = 16.2;
				MTL_ENABLE_DEBUG_INFO = NO;
				MTL_FAST_MATH = YES;
				SDKROOT = iphoneos;
				SWIFT_COMPILATION_MODE = wholemodule;
				SWIFT_OPTIMIZATION_LEVEL = "-O";
				VALIDATE_PRODUCT = YES;
			};
			name = Release;
		};
		90AFDACB2976942000BD7491 /* Debug */ = {
			isa = XCBuildConfiguration;
			buildSettings = {
				ASSETCATALOG_COMPILER_APPICON_NAME = AppIcon;
				ASSETCATALOG_COMPILER_GLOBAL_ACCENT_COLOR_NAME = AccentColor;
				CODE_SIGN_STYLE = Automatic;
				CURRENT_PROJECT_VERSION = 1;
				DEVELOPMENT_TEAM = 63UM6H56P2;
				ENABLE_PREVIEWS = YES;
				GENERATE_INFOPLIST_FILE = YES;
				INFOPLIST_KEY_UIApplicationSceneManifest_Generation = YES;
				INFOPLIST_KEY_UIApplicationSupportsIndirectInputEvents = YES;
				INFOPLIST_KEY_UILaunchScreen_Generation = NO;
				INFOPLIST_KEY_UISupportedInterfaceOrientations_iPad = "UIInterfaceOrientationPortrait UIInterfaceOrientationPortraitUpsideDown UIInterfaceOrientationLandscapeLeft UIInterfaceOrientationLandscapeRight";
				INFOPLIST_KEY_UISupportedInterfaceOrientations_iPhone = "UIInterfaceOrientationPortrait UIInterfaceOrientationLandscapeLeft UIInterfaceOrientationLandscapeRight";
				LD_RUNPATH_SEARCH_PATHS = (
					"$(inherited)",
					"@executable_path/Frameworks",
				);
				MARKETING_VERSION = 1.0;
				PRODUCT_BUNDLE_IDENTIFIER = "com.test.JOBIS-DSM-iOS";
				PRODUCT_NAME = "$(TARGET_NAME)";
				SWIFT_EMIT_LOC_STRINGS = YES;
				SWIFT_VERSION = 5.0;
				TARGETED_DEVICE_FAMILY = "1,2";
			};
			name = Debug;
		};
		90AFDACC2976942000BD7491 /* Release */ = {
			isa = XCBuildConfiguration;
			buildSettings = {
				ASSETCATALOG_COMPILER_APPICON_NAME = AppIcon;
				ASSETCATALOG_COMPILER_GLOBAL_ACCENT_COLOR_NAME = AccentColor;
				CODE_SIGN_STYLE = Automatic;
				CURRENT_PROJECT_VERSION = 1;
				DEVELOPMENT_TEAM = 63UM6H56P2;
				ENABLE_PREVIEWS = YES;
				GENERATE_INFOPLIST_FILE = YES;
				INFOPLIST_KEY_UIApplicationSceneManifest_Generation = YES;
				INFOPLIST_KEY_UIApplicationSupportsIndirectInputEvents = YES;
				INFOPLIST_KEY_UILaunchScreen_Generation = NO;
				INFOPLIST_KEY_UISupportedInterfaceOrientations_iPad = "UIInterfaceOrientationPortrait UIInterfaceOrientationPortraitUpsideDown UIInterfaceOrientationLandscapeLeft UIInterfaceOrientationLandscapeRight";
				INFOPLIST_KEY_UISupportedInterfaceOrientations_iPhone = "UIInterfaceOrientationPortrait UIInterfaceOrientationLandscapeLeft UIInterfaceOrientationLandscapeRight";
				LD_RUNPATH_SEARCH_PATHS = (
					"$(inherited)",
					"@executable_path/Frameworks",
				);
				MARKETING_VERSION = 1.0;
				PRODUCT_BUNDLE_IDENTIFIER = "com.test.JOBIS-DSM-iOS";
				PRODUCT_NAME = "$(TARGET_NAME)";
				SWIFT_EMIT_LOC_STRINGS = YES;
				SWIFT_VERSION = 5.0;
				TARGETED_DEVICE_FAMILY = "1,2";
			};
			name = Release;
		};
/* End XCBuildConfiguration section */

/* Begin XCConfigurationList section */
		90AFDAB72976941F00BD7491 /* Build configuration list for PBXProject "JOBIS-DSM-iOS" */ = {
			isa = XCConfigurationList;
			buildConfigurations = (
				90AFDAC82976942000BD7491 /* Debug */,
				90AFDAC92976942000BD7491 /* Release */,
			);
			defaultConfigurationIsVisible = 0;
			defaultConfigurationName = Release;
		};
		90AFDACA2976942000BD7491 /* Build configuration list for PBXNativeTarget "JOBIS-DSM-iOS" */ = {
			isa = XCConfigurationList;
			buildConfigurations = (
				90AFDACB2976942000BD7491 /* Debug */,
				90AFDACC2976942000BD7491 /* Release */,
			);
			defaultConfigurationIsVisible = 0;
			defaultConfigurationName = Release;
		};
/* End XCConfigurationList section */
	};
	rootObject = 90AFDAB42976941F00BD7491 /* Project object */;
}
